
Microsoft Visual Studio Solution File, Format Version 11.00
# Visual Studio 2010
Project("{8BC9CEB8-8B4A-11D0-8D11-00A0C91BC942}") = "learnC++", "learnC++\learnC++.vcxproj", "{E105B3FA-66DC-4A59-AFAC-CC302DB1BC3F}"
EndProject
Project("{8BC9CEB8-8B4A-11D0-8D11-00A0C91BC942}") = "lesson2", "lesson2\lesson2.vcxproj", "{DB4D4EB6-09E2-4761-BB7F-0BC4FAB88133}"
EndProject
Project("{8BC9CEB8-8B4A-11D0-8D11-00A0C91BC942}") = "mfc1", "mfc1\mfc1.vcxproj", "{774361B7-5EF6-4D3C-8E58-AF1C8DA1EEF2}"
EndProject
Project("{8BC9CEB8-8B4A-11D0-8D11-00A0C91BC942}") = "WinMain", "WinMain\WinMain.vcxproj", "{D4373037-CF84-4EA2-9CB5-E56F8BF8177A}"
EndProject
Project("{8BC9CEB8-8B4A-11D0-8D11-00A0C91BC942}") = "Draw", "Draw\Draw.vcxproj", "{35F67804-86D6-4C43-BCC4-EAB6208CF1FB}"
EndProject
Project("{8BC9CEB8-8B4A-11D0-8D11-00A0C91BC942}") = "text", "text\text.vcxproj", "{9219F090-8ADB-4F87-BABC-9C9002BF81F4}"
EndProject
Project("{8BC9CEB8-8B4A-11D0-8D11-00A0C91BC942}") = "Menu", "Menu\Menu.vcxproj", "{30E77FF6-B152-4E83-8F1B-B3C63069F0CE}"
EndProject
Project("{8BC9CEB8-8B4A-11D0-8D11-00A0C91BC942}") = "Menu2", "Menu2\Menu2.vcxproj", "{C0383EBC-114C-4ED4-AAB6-52873ECCF6D6}"
EndProject
Project("{8BC9CEB8-8B4A-11D0-8D11-00A0C91BC942}") = "DynamicMenu", "DynamicMenu\DynamicMenu.vcxproj", "{C25EC7E1-D433-49BD-85FD-3E04450ECD04}"
EndProject
Project("{8BC9CEB8-8B4A-11D0-8D11-00A0C91BC942}") = "Dilog", "Dilog\Dilog.vcxproj", "{771D9648-3BEF-4272-A1DE-13B5389725EA}"
EndProject
Project("{8BC9CEB8-8B4A-11D0-8D11-00A0C91BC942}") = "WithDialog", "WithDialog\WithDialog.vcxproj", "{A2821282-E8A4-4CAA-AC6E-21EB8775D1E3}"
EndProject
Project("{8BC9CEB8-8B4A-11D0-8D11-00A0C91BC942}") = "TabDemo", "TabDemo\TabDemo.vcxproj", "{A5237D3F-5BF6-4BE8-A743-F0B4A8FDF1AF}"
EndProject
Project("{8BC9CEB8-8B4A-11D0-8D11-00A0C91BC942}") = "AppStyle", "AppStyle\AppStyle.vcxproj", "{3E1DDC63-349A-4F69-8FE2-3299FDA4CFBA}"
EndProject
Project("{8BC9CEB8-8B4A-11D0-8D11-00A0C91BC942}") = "Graphic", "Graphic\Graphic.vcxproj", "{E26A4CC7-3E44-4083-B62B-B9E5F1467C76}"
EndProject
Project("{8BC9CEB8-8B4A-11D0-8D11-00A0C91BC942}") = "Graphic-save-redraw", "Graphic-save-redraw\Graphic-save-redraw.vcxproj", "{E4A058F8-6988-4437-B7E3-C4D7376E73FF}"
EndProject
Project("{8BC9CEB8-8B4A-11D0-8D11-00A0C91BC942}") = "File", "File\File.vcxproj", "{910F34DC-3262-4578-A6C9-E5AE3D7DF811}"
EndProject
Project("{8BC9CEB8-8B4A-11D0-8D11-00A0C91BC942}") = "FileSerial", "FileSerial\FileSerial.vcxproj", "{68C88CF6-55AF-433F-8804-E3E9E5697255}"
EndProject
Project("{8BC9CEB8-8B4A-11D0-8D11-00A0C91BC942}") = "TCPSrv", "TCPSrv\TCPSrv.vcxproj", "{D06ADD78-CF97-41CE-A07A-A920A94F65F9}"
EndProject
Project("{8BC9CEB8-8B4A-11D0-8D11-00A0C91BC942}") = "TcpClient", "TcpClient\TcpClient.vcxproj", "{863F3197-7969-4EF7-9AE7-BD412076305C}"
EndProject
Project("{8BC9CEB8-8B4A-11D0-8D11-00A0C91BC942}") = "UdpSrv", "UdpSrv\UdpSrv.vcxproj", "{E4F69774-9AEC-48D9-A2CA-D8AB6E9C3EA8}"
EndProject
Project("{8BC9CEB8-8B4A-11D0-8D11-00A0C91BC942}") = "UdpClient", "UdpClient\UdpClient.vcxproj", "{CDE26B44-7E1C-4E2A-A8CF-358FA28E3A56}"
EndProject
Project("{8BC9CEB8-8B4A-11D0-8D11-00A0C91BC942}") = "NetSrv", "NetSrv\NetSrv.vcxproj", "{B450CA13-A6A9-4013-85D3-671CEC1ABD96}"
EndProject
Project("{8BC9CEB8-8B4A-11D0-8D11-00A0C91BC942}") = "NetClient", "NetClient\NetClient.vcxproj", "{BB726E53-88DC-412B-9514-4FDEB2DFA98F}"
EndProject
Project("{8BC9CEB8-8B4A-11D0-8D11-00A0C91BC942}") = "MultiThread", "MultiThread\MultiThread.vcxproj", "{D1D2EC36-9E90-4B83-AF27-4244F0A40332}"
EndProject
Project("{8BC9CEB8-8B4A-11D0-8D11-00A0C91BC942}") = "Chat", "Chat\Chat.vcxproj", "{F6A05A19-2F92-48BB-A4BC-82FF760EC242}"
EndProject
Project("{8BC9CEB8-8B4A-11D0-8D11-00A0C91BC942}") = "Event", "Event\Event.vcxproj", "{BEC76F51-4507-45D1-9B79-90E84964C22E}"
EndProject
Global
	GlobalSection(SolutionConfigurationPlatforms) = preSolution
		Debug|Win32 = Debug|Win32
		Release|Win32 = Release|Win32
	EndGlobalSection
	GlobalSection(ProjectConfigurationPlatforms) = postSolution
		{E105B3FA-66DC-4A59-AFAC-CC302DB1BC3F}.Debug|Win32.ActiveCfg = Debug|Win32
		{E105B3FA-66DC-4A59-AFAC-CC302DB1BC3F}.Release|Win32.ActiveCfg = Release|Win32
		{E105B3FA-66DC-4A59-AFAC-CC302DB1BC3F}.Release|Win32.Build.0 = Release|Win32
		{DB4D4EB6-09E2-4761-BB7F-0BC4FAB88133}.Debug|Win32.ActiveCfg = Debug|Win32
		{DB4D4EB6-09E2-4761-BB7F-0BC4FAB88133}.Release|Win32.ActiveCfg = Release|Win32
		{DB4D4EB6-09E2-4761-BB7F-0BC4FAB88133}.Release|Win32.Build.0 = Release|Win32
		{774361B7-5EF6-4D3C-8E58-AF1C8DA1EEF2}.Debug|Win32.ActiveCfg = Debug|Win32
		{774361B7-5EF6-4D3C-8E58-AF1C8DA1EEF2}.Debug|Win32.Build.0 = Debug|Win32
		{774361B7-5EF6-4D3C-8E58-AF1C8DA1EEF2}.Release|Win32.ActiveCfg = Release|Win32
		{774361B7-5EF6-4D3C-8E58-AF1C8DA1EEF2}.Release|Win32.Build.0 = Release|Win32
		{D4373037-CF84-4EA2-9CB5-E56F8BF8177A}.Debug|Win32.ActiveCfg = Debug|Win32
		{D4373037-CF84-4EA2-9CB5-E56F8BF8177A}.Debug|Win32.Build.0 = Debug|Win32
		{D4373037-CF84-4EA2-9CB5-E56F8BF8177A}.Release|Win32.ActiveCfg = Release|Win32
		{D4373037-CF84-4EA2-9CB5-E56F8BF8177A}.Release|Win32.Build.0 = Release|Win32
		{35F67804-86D6-4C43-BCC4-EAB6208CF1FB}.Debug|Win32.ActiveCfg = Debug|Win32
		{35F67804-86D6-4C43-BCC4-EAB6208CF1FB}.Debug|Win32.Build.0 = Debug|Win32
		{35F67804-86D6-4C43-BCC4-EAB6208CF1FB}.Release|Win32.ActiveCfg = Release|Win32
		{35F67804-86D6-4C43-BCC4-EAB6208CF1FB}.Release|Win32.Build.0 = Release|Win32
		{9219F090-8ADB-4F87-BABC-9C9002BF81F4}.Debug|Win32.ActiveCfg = Debug|Win32
		{9219F090-8ADB-4F87-BABC-9C9002BF81F4}.Debug|Win32.Build.0 = Debug|Win32
		{9219F090-8ADB-4F87-BABC-9C9002BF81F4}.Release|Win32.ActiveCfg = Release|Win32
		{9219F090-8ADB-4F87-BABC-9C9002BF81F4}.Release|Win32.Build.0 = Release|Win32
		{30E77FF6-B152-4E83-8F1B-B3C63069F0CE}.Debug|Win32.ActiveCfg = Debug|Win32
		{30E77FF6-B152-4E83-8F1B-B3C63069F0CE}.Debug|Win32.Build.0 = Debug|Win32
		{30E77FF6-B152-4E83-8F1B-B3C63069F0CE}.Release|Win32.ActiveCfg = Release|Win32
		{30E77FF6-B152-4E83-8F1B-B3C63069F0CE}.Release|Win32.Build.0 = Release|Win32
		{C0383EBC-114C-4ED4-AAB6-52873ECCF6D6}.Debug|Win32.ActiveCfg = Debug|Win32
		{C0383EBC-114C-4ED4-AAB6-52873ECCF6D6}.Debug|Win32.Build.0 = Debug|Win32
		{C0383EBC-114C-4ED4-AAB6-52873ECCF6D6}.Release|Win32.ActiveCfg = Release|Win32
		{C0383EBC-114C-4ED4-AAB6-52873ECCF6D6}.Release|Win32.Build.0 = Release|Win32
		{C25EC7E1-D433-49BD-85FD-3E04450ECD04}.Debug|Win32.ActiveCfg = Debug|Win32
		{C25EC7E1-D433-49BD-85FD-3E04450ECD04}.Debug|Win32.Build.0 = Debug|Win32
		{C25EC7E1-D433-49BD-85FD-3E04450ECD04}.Release|Win32.ActiveCfg = Release|Win32
		{C25EC7E1-D433-49BD-85FD-3E04450ECD04}.Release|Win32.Build.0 = Release|Win32
		{771D9648-3BEF-4272-A1DE-13B5389725EA}.Debug|Win32.ActiveCfg = Debug|Win32
		{771D9648-3BEF-4272-A1DE-13B5389725EA}.Debug|Win32.Build.0 = Debug|Win32
		{771D9648-3BEF-4272-A1DE-13B5389725EA}.Release|Win32.ActiveCfg = Release|Win32
		{771D9648-3BEF-4272-A1DE-13B5389725EA}.Release|Win32.Build.0 = Release|Win32
		{A2821282-E8A4-4CAA-AC6E-21EB8775D1E3}.Debug|Win32.ActiveCfg = Debug|Win32
		{A2821282-E8A4-4CAA-AC6E-21EB8775D1E3}.Debug|Win32.Build.0 = Debug|Win32
		{A2821282-E8A4-4CAA-AC6E-21EB8775D1E3}.Release|Win32.ActiveCfg = Release|Win32
		{A2821282-E8A4-4CAA-AC6E-21EB8775D1E3}.Release|Win32.Build.0 = Release|Win32
		{A5237D3F-5BF6-4BE8-A743-F0B4A8FDF1AF}.Debug|Win32.ActiveCfg = Debug|Win32
		{A5237D3F-5BF6-4BE8-A743-F0B4A8FDF1AF}.Debug|Win32.Build.0 = Debug|Win32
		{A5237D3F-5BF6-4BE8-A743-F0B4A8FDF1AF}.Release|Win32.ActiveCfg = Release|Win32
		{A5237D3F-5BF6-4BE8-A743-F0B4A8FDF1AF}.Release|Win32.Build.0 = Release|Win32
		{3E1DDC63-349A-4F69-8FE2-3299FDA4CFBA}.Debug|Win32.ActiveCfg = Debug|Win32
		{3E1DDC63-349A-4F69-8FE2-3299FDA4CFBA}.Debug|Win32.Build.0 = Debug|Win32
		{3E1DDC63-349A-4F69-8FE2-3299FDA4CFBA}.Release|Win32.ActiveCfg = Release|Win32
		{3E1DDC63-349A-4F69-8FE2-3299FDA4CFBA}.Release|Win32.Build.0 = Release|Win32
		{E26A4CC7-3E44-4083-B62B-B9E5F1467C76}.Debug|Win32.ActiveCfg = Debug|Win32
		{E26A4CC7-3E44-4083-B62B-B9E5F1467C76}.Debug|Win32.Build.0 = Debug|Win32
		{E26A4CC7-3E44-4083-B62B-B9E5F1467C76}.Release|Win32.ActiveCfg = Release|Win32
		{E26A4CC7-3E44-4083-B62B-B9E5F1467C76}.Release|Win32.Build.0 = Release|Win32
		{E4A058F8-6988-4437-B7E3-C4D7376E73FF}.Debug|Win32.ActiveCfg = Debug|Win32
		{E4A058F8-6988-4437-B7E3-C4D7376E73FF}.Debug|Win32.Build.0 = Debug|Win32
		{E4A058F8-6988-4437-B7E3-C4D7376E73FF}.Release|Win32.ActiveCfg = Release|Win32
		{E4A058F8-6988-4437-B7E3-C4D7376E73FF}.Release|Win32.Build.0 = Release|Win32
		{910F34DC-3262-4578-A6C9-E5AE3D7DF811}.Debug|Win32.ActiveCfg = Debug|Win32
		{910F34DC-3262-4578-A6C9-E5AE3D7DF811}.Debug|Win32.Build.0 = Debug|Win32
		{910F34DC-3262-4578-A6C9-E5AE3D7DF811}.Release|Win32.ActiveCfg = Release|Win32
		{910F34DC-3262-4578-A6C9-E5AE3D7DF811}.Release|Win32.Build.0 = Release|Win32
		{68C88CF6-55AF-433F-8804-E3E9E5697255}.Debug|Win32.ActiveCfg = Debug|Win32
		{68C88CF6-55AF-433F-8804-E3E9E5697255}.Debug|Win32.Build.0 = Debug|Win32
		{68C88CF6-55AF-433F-8804-E3E9E5697255}.Release|Win32.ActiveCfg = Release|Win32
		{68C88CF6-55AF-433F-8804-E3E9E5697255}.Release|Win32.Build.0 = Release|Win32
		{D06ADD78-CF97-41CE-A07A-A920A94F65F9}.Debug|Win32.ActiveCfg = Debug|Win32
		{D06ADD78-CF97-41CE-A07A-A920A94F65F9}.Debug|Win32.Build.0 = Debug|Win32
		{D06ADD78-CF97-41CE-A07A-A920A94F65F9}.Release|Win32.ActiveCfg = Release|Win32
		{D06ADD78-CF97-41CE-A07A-A920A94F65F9}.Release|Win32.Build.0 = Release|Win32
		{863F3197-7969-4EF7-9AE7-BD412076305C}.Debug|Win32.ActiveCfg = Debug|Win32
		{863F3197-7969-4EF7-9AE7-BD412076305C}.Debug|Win32.Build.0 = Debug|Win32
		{863F3197-7969-4EF7-9AE7-BD412076305C}.Release|Win32.ActiveCfg = Release|Win32
		{863F3197-7969-4EF7-9AE7-BD412076305C}.Release|Win32.Build.0 = Release|Win32
		{E4F69774-9AEC-48D9-A2CA-D8AB6E9C3EA8}.Debug|Win32.ActiveCfg = Debug|Win32
		{E4F69774-9AEC-48D9-A2CA-D8AB6E9C3EA8}.Debug|Win32.Build.0 = Debug|Win32
		{E4F69774-9AEC-48D9-A2CA-D8AB6E9C3EA8}.Release|Win32.ActiveCfg = Release|Win32
		{E4F69774-9AEC-48D9-A2CA-D8AB6E9C3EA8}.Release|Win32.Build.0 = Release|Win32
		{CDE26B44-7E1C-4E2A-A8CF-358FA28E3A56}.Debug|Win32.ActiveCfg = Debug|Win32
		{CDE26B44-7E1C-4E2A-A8CF-358FA28E3A56}.Debug|Win32.Build.0 = Debug|Win32
		{CDE26B44-7E1C-4E2A-A8CF-358FA28E3A56}.Release|Win32.ActiveCfg = Release|Win32
		{CDE26B44-7E1C-4E2A-A8CF-358FA28E3A56}.Release|Win32.Build.0 = Release|Win32
		{B450CA13-A6A9-4013-85D3-671CEC1ABD96}.Debug|Win32.ActiveCfg = Debug|Win32
		{B450CA13-A6A9-4013-85D3-671CEC1ABD96}.Debug|Win32.Build.0 = Debug|Win32
		{B450CA13-A6A9-4013-85D3-671CEC1ABD96}.Release|Win32.ActiveCfg = Release|Win32
		{B450CA13-A6A9-4013-85D3-671CEC1ABD96}.Release|Win32.Build.0 = Release|Win32
		{BB726E53-88DC-412B-9514-4FDEB2DFA98F}.Debug|Win32.ActiveCfg = Debug|Win32
		{BB726E53-88DC-412B-9514-4FDEB2DFA98F}.Debug|Win32.Build.0 = Debug|Win32
		{BB726E53-88DC-412B-9514-4FDEB2DFA98F}.Release|Win32.ActiveCfg = Release|Win32
		{BB726E53-88DC-412B-9514-4FDEB2DFA98F}.Release|Win32.Build.0 = Release|Win32
		{D1D2EC36-9E90-4B83-AF27-4244F0A40332}.Debug|Win32.ActiveCfg = Debug|Win32
		{D1D2EC36-9E90-4B83-AF27-4244F0A40332}.Debug|Win32.Build.0 = Debug|Win32
		{D1D2EC36-9E90-4B83-AF27-4244F0A40332}.Release|Win32.ActiveCfg = Release|Win32
		{D1D2EC36-9E90-4B83-AF27-4244F0A40332}.Release|Win32.Build.0 = Release|Win32
		{F6A05A19-2F92-48BB-A4BC-82FF760EC242}.Debug|Win32.ActiveCfg = Debug|Win32
		{F6A05A19-2F92-48BB-A4BC-82FF760EC242}.Debug|Win32.Build.0 = Debug|Win32
		{F6A05A19-2F92-48BB-A4BC-82FF760EC242}.Release|Win32.ActiveCfg = Release|Win32
		{F6A05A19-2F92-48BB-A4BC-82FF760EC242}.Release|Win32.Build.0 = Release|Win32
		{BEC76F51-4507-45D1-9B79-90E84964C22E}.Debug|Win32.ActiveCfg = Debug|Win32
		{BEC76F51-4507-45D1-9B79-90E84964C22E}.Debug|Win32.Build.0 = Debug|Win32
		{BEC76F51-4507-45D1-9B79-90E84964C22E}.Release|Win32.ActiveCfg = Release|Win32
		{BEC76F51-4507-45D1-9B79-90E84964C22E}.Release|Win32.Build.0 = Release|Win32
	EndGlobalSection
	GlobalSection(SolutionProperties) = preSolution
		HideSolutionNode = FALSE
	EndGlobalSection
EndGlobal
